{
  "requires": true,
  "lockfileVersion": 1,
  "dependencies": {
    "ramda": {
      "version": "0.26.1",
      "resolved": "https://registry.npmjs.org/ramda/-/ramda-0.26.1.tgz",
      "integrity": "sha512-hLWjpy7EnsDBb0p+Z3B7rPi3GDeRG5ZtiI33kJhTt+ORCd38AbAIjB/9zRIUoeTbE/AVX5ZkU7m6bznsvrf8eQ=="
    },
    "storybook-loader": {
      "version": "0.1.4",
      "resolved": "https://registry.npmjs.org/storybook-loader/-/storybook-loader-0.1.4.tgz",
      "integrity": "sha512-VTrJ+EOfqqjwgLo7Ep8+rkHb5mSlnHra8rLLfwVwhQMwMCk7Y42eO4JBuIUUJiGBvnfH3xMrmhiJKgu6C2Cz0Q==",
      "requires": {
        "ramda": "^0.26.1"
      }
    }
  }
}
